
Microsoft Visual Studio Solution File, Format Version 12.00
# Visual Studio 15
VisualStudioVersion = 15.0.26730.3
MinimumVisualStudioVersion = 10.0.40219.1
Project("{9A19103F-16F7-4668-BE54-9A1E7A4F7556}") = "Octokit.Lambda.Demo", "Octokit.Lambda.Demo.csproj", "{F5FE8397-9D3D-457F-83F0-2219BA8643E8}"
EndProject
Global
	GlobalSection(SolutionConfigurationPlatforms) = preSolution
		Debug|Any CPU = Debug|Any CPU
		Release|Any CPU = Release|Any CPU
	EndGlobalSection
	GlobalSection(ProjectConfigurationPlatforms) = postSolution
		{F5FE8397-9D3D-457F-83F0-2219BA8643E8}.Debug|Any CPU.ActiveCfg = Debug|Any CPU
		{F5FE8397-9D3D-457F-83F0-2219BA8643E8}.Debug|Any CPU.Build.0 = Debug|Any CPU
		{F5FE8397-9D3D-457F-83F0-2219BA8643E8}.Release|Any CPU.ActiveCfg = Release|Any CPU
		{F5FE8397-9D3D-457F-83F0-2219BA8643E8}.Release|Any CPU.Build.0 = Release|Any CPU
	EndGlobalSection
	GlobalSection(SolutionProperties) = preSolution
		HideSolutionNode = FALSE
	EndGlobalSection
	GlobalSection(ExtensibilityGlobals) = postSolution
		SolutionGuid = {0E535482-07C0-428A-B090-0B54D69B75E4}
	EndGlobalSection
EndGlobal
